
Microsoft Visual Studio Solution File, Format Version 12.00
# Visual Studio 2013
VisualStudioVersion = 12.0.31101.0
MinimumVisualStudioVersion = 10.0.40219.1
Project("{FAE04EC0-301F-11D3-BF4B-00C04F79EFBC}") = "XFNavigation", "XFNavigation\XFNavigation\XFNavigation.csproj", "{F2D22B2E-94D5-47B9-8D14-DACECAFA6159}"
EndProject
Project("{FAE04EC0-301F-11D3-BF4B-00C04F79EFBC}") = "XFNavigation.iOS", "XFNavigation\XFNavigation.iOS\XFNavigation.iOS.csproj", "{711824DB-859F-4273-B0E9-9E5F837DE66C}"
EndProject
Project("{FAE04EC0-301F-11D3-BF4B-00C04F79EFBC}") = "XFNavigation.Droid", "XFNavigation\XFNavigation.Droid\XFNavigation.Droid.csproj", "{365AB3CF-CD90-4AE9-8898-7E36F8892883}"
EndProject
Project("{FAE04EC0-301F-11D3-BF4B-00C04F79EFBC}") = "XFNavigation.WinPhone", "XFNavigation\XFNavigation.WinPhone\XFNavigation.WinPhone.csproj", "{FB55B401-8E9E-4125-A26D-2E0E46D88383}"
EndProject
Global
	GlobalSection(SolutionConfigurationPlatforms) = preSolution
		Ad-Hoc|Any CPU = Ad-Hoc|Any CPU
		Ad-Hoc|ARM = Ad-Hoc|ARM
		Ad-Hoc|iPhone = Ad-Hoc|iPhone
		Ad-Hoc|iPhoneSimulator = Ad-Hoc|iPhoneSimulator
		Ad-Hoc|Mixed Platforms = Ad-Hoc|Mixed Platforms
		Ad-Hoc|x86 = Ad-Hoc|x86
		AppStore|Any CPU = AppStore|Any CPU
		AppStore|ARM = AppStore|ARM
		AppStore|iPhone = AppStore|iPhone
		AppStore|iPhoneSimulator = AppStore|iPhoneSimulator
		AppStore|Mixed Platforms = AppStore|Mixed Platforms
		AppStore|x86 = AppStore|x86
		Debug|Any CPU = Debug|Any CPU
		Debug|ARM = Debug|ARM
		Debug|iPhone = Debug|iPhone
		Debug|iPhoneSimulator = Debug|iPhoneSimulator
		Debug|Mixed Platforms = Debug|Mixed Platforms
		Debug|x86 = Debug|x86
		Release|Any CPU = Release|Any CPU
		Release|ARM = Release|ARM
		Release|iPhone = Release|iPhone
		Release|iPhoneSimulator = Release|iPhoneSimulator
		Release|Mixed Platforms = Release|Mixed Platforms
		Release|x86 = Release|x86
	EndGlobalSection
	GlobalSection(ProjectConfigurationPlatforms) = postSolution
		{F2D22B2E-94D5-47B9-8D14-DACECAFA6159}.Ad-Hoc|Any CPU.ActiveCfg = Release|Any CPU
		{F2D22B2E-94D5-47B9-8D14-DACECAFA6159}.Ad-Hoc|Any CPU.Build.0 = Release|Any CPU
		{F2D22B2E-94D5-47B9-8D14-DACECAFA6159}.Ad-Hoc|ARM.ActiveCfg = Release|Any CPU
		{F2D22B2E-94D5-47B9-8D14-DACECAFA6159}.Ad-Hoc|iPhone.ActiveCfg = Release|Any CPU
		{F2D22B2E-94D5-47B9-8D14-DACECAFA6159}.Ad-Hoc|iPhoneSimulator.ActiveCfg = Release|Any CPU
		{F2D22B2E-94D5-47B9-8D14-DACECAFA6159}.Ad-Hoc|Mixed Platforms.ActiveCfg = Release|Any CPU
		{F2D22B2E-94D5-47B9-8D14-DACECAFA6159}.Ad-Hoc|Mixed Platforms.Build.0 = Release|Any CPU
		{F2D22B2E-94D5-47B9-8D14-DACECAFA6159}.Ad-Hoc|x86.ActiveCfg = Release|Any CPU
		{F2D22B2E-94D5-47B9-8D14-DACECAFA6159}.AppStore|Any CPU.ActiveCfg = Release|Any CPU
		{F2D22B2E-94D5-47B9-8D14-DACECAFA6159}.AppStore|Any CPU.Build.0 = Release|Any CPU
		{F2D22B2E-94D5-47B9-8D14-DACECAFA6159}.AppStore|ARM.ActiveCfg = Release|Any CPU
		{F2D22B2E-94D5-47B9-8D14-DACECAFA6159}.AppStore|iPhone.ActiveCfg = Release|Any CPU
		{F2D22B2E-94D5-47B9-8D14-DACECAFA6159}.AppStore|iPhoneSimulator.ActiveCfg = Release|Any CPU
		{F2D22B2E-94D5-47B9-8D14-DACECAFA6159}.AppStore|Mixed Platforms.ActiveCfg = Release|Any CPU
		{F2D22B2E-94D5-47B9-8D14-DACECAFA6159}.AppStore|Mixed Platforms.Build.0 = Release|Any CPU
		{F2D22B2E-94D5-47B9-8D14-DACECAFA6159}.AppStore|x86.ActiveCfg = Release|Any CPU
		{F2D22B2E-94D5-47B9-8D14-DACECAFA6159}.Debug|Any CPU.ActiveCfg = Debug|Any CPU
		{F2D22B2E-94D5-47B9-8D14-DACECAFA6159}.Debug|Any CPU.Build.0 = Debug|Any CPU
		{F2D22B2E-94D5-47B9-8D14-DACECAFA6159}.Debug|ARM.ActiveCfg = Debug|Any CPU
		{F2D22B2E-94D5-47B9-8D14-DACECAFA6159}.Debug|ARM.Build.0 = Debug|Any CPU
		{F2D22B2E-94D5-47B9-8D14-DACECAFA6159}.Debug|iPhone.ActiveCfg = Debug|Any CPU
		{F2D22B2E-94D5-47B9-8D14-DACECAFA6159}.Debug|iPhoneSimulator.ActiveCfg = Debug|Any CPU
		{F2D22B2E-94D5-47B9-8D14-DACECAFA6159}.Debug|iPhoneSimulator.Build.0 = Debug|Any CPU
		{F2D22B2E-94D5-47B9-8D14-DACECAFA6159}.Debug|Mixed Platforms.ActiveCfg = Debug|Any CPU
		{F2D22B2E-94D5-47B9-8D14-DACECAFA6159}.Debug|Mixed Platforms.Build.0 = Debug|Any CPU
		{F2D22B2E-94D5-47B9-8D14-DACECAFA6159}.Debug|x86.ActiveCfg = Debug|Any CPU
		{F2D22B2E-94D5-47B9-8D14-DACECAFA6159}.Release|Any CPU.ActiveCfg = Release|Any CPU
		{F2D22B2E-94D5-47B9-8D14-DACECAFA6159}.Release|Any CPU.Build.0 = Release|Any CPU
		{F2D22B2E-94D5-47B9-8D14-DACECAFA6159}.Release|ARM.ActiveCfg = Release|Any CPU
		{F2D22B2E-94D5-47B9-8D14-DACECAFA6159}.Release|iPhone.ActiveCfg = Release|Any CPU
		{F2D22B2E-94D5-47B9-8D14-DACECAFA6159}.Release|iPhoneSimulator.ActiveCfg = Release|Any CPU
		{F2D22B2E-94D5-47B9-8D14-DACECAFA6159}.Release|Mixed Platforms.ActiveCfg = Release|Any CPU
		{F2D22B2E-94D5-47B9-8D14-DACECAFA6159}.Release|Mixed Platforms.Build.0 = Release|Any CPU
		{F2D22B2E-94D5-47B9-8D14-DACECAFA6159}.Release|x86.ActiveCfg = Release|Any CPU
		{711824DB-859F-4273-B0E9-9E5F837DE66C}.Ad-Hoc|Any CPU.ActiveCfg = Ad-Hoc|iPhone
		{711824DB-859F-4273-B0E9-9E5F837DE66C}.Ad-Hoc|ARM.ActiveCfg = Ad-Hoc|iPhone
		{711824DB-859F-4273-B0E9-9E5F837DE66C}.Ad-Hoc|iPhone.ActiveCfg = Ad-Hoc|iPhone
		{711824DB-859F-4273-B0E9-9E5F837DE66C}.Ad-Hoc|iPhone.Build.0 = Ad-Hoc|iPhone
		{711824DB-859F-4273-B0E9-9E5F837DE66C}.Ad-Hoc|iPhoneSimulator.ActiveCfg = Ad-Hoc|iPhoneSimulator
		{711824DB-859F-4273-B0E9-9E5F837DE66C}.Ad-Hoc|iPhoneSimulator.Build.0 = Ad-Hoc|iPhoneSimulator
		{711824DB-859F-4273-B0E9-9E5F837DE66C}.Ad-Hoc|Mixed Platforms.ActiveCfg = Ad-Hoc|iPhone
		{711824DB-859F-4273-B0E9-9E5F837DE66C}.Ad-Hoc|Mixed Platforms.Build.0 = Ad-Hoc|iPhone
		{711824DB-859F-4273-B0E9-9E5F837DE66C}.Ad-Hoc|x86.ActiveCfg = Ad-Hoc|iPhone
		{711824DB-859F-4273-B0E9-9E5F837DE66C}.AppStore|Any CPU.ActiveCfg = AppStore|iPhone
		{711824DB-859F-4273-B0E9-9E5F837DE66C}.AppStore|ARM.ActiveCfg = AppStore|iPhone
		{711824DB-859F-4273-B0E9-9E5F837DE66C}.AppStore|iPhone.ActiveCfg = AppStore|iPhone
		{711824DB-859F-4273-B0E9-9E5F837DE66C}.AppStore|iPhone.Build.0 = AppStore|iPhone
		{711824DB-859F-4273-B0E9-9E5F837DE66C}.AppStore|iPhoneSimulator.ActiveCfg = AppStore|iPhoneSimulator
		{711824DB-859F-4273-B0E9-9E5F837DE66C}.AppStore|iPhoneSimulator.Build.0 = AppStore|iPhoneSimulator
		{711824DB-859F-4273-B0E9-9E5F837DE66C}.AppStore|Mixed Platforms.ActiveCfg = AppStore|iPhone
		{711824DB-859F-4273-B0E9-9E5F837DE66C}.AppStore|Mixed Platforms.Build.0 = AppStore|iPhone
		{711824DB-859F-4273-B0E9-9E5F837DE66C}.AppStore|x86.ActiveCfg = AppStore|iPhone
		{711824DB-859F-4273-B0E9-9E5F837DE66C}.Debug|Any CPU.ActiveCfg = Debug|iPhone
		{711824DB-859F-4273-B0E9-9E5F837DE66C}.Debug|ARM.ActiveCfg = Debug|iPhone
		{711824DB-859F-4273-B0E9-9E5F837DE66C}.Debug|iPhone.ActiveCfg = Debug|iPhone
		{711824DB-859F-4273-B0E9-9E5F837DE66C}.Debug|iPhone.Build.0 = Debug|iPhone
		{711824DB-859F-4273-B0E9-9E5F837DE66C}.Debug|iPhoneSimulator.ActiveCfg = Debug|iPhoneSimulator
		{711824DB-859F-4273-B0E9-9E5F837DE66C}.Debug|iPhoneSimulator.Build.0 = Debug|iPhoneSimulator
		{711824DB-859F-4273-B0E9-9E5F837DE66C}.Debug|Mixed Platforms.ActiveCfg = Debug|iPhone
		{711824DB-859F-4273-B0E9-9E5F837DE66C}.Debug|Mixed Platforms.Build.0 = Debug|iPhone
		{711824DB-859F-4273-B0E9-9E5F837DE66C}.Debug|x86.ActiveCfg = Debug|iPhone
		{711824DB-859F-4273-B0E9-9E5F837DE66C}.Release|Any CPU.ActiveCfg = Release|iPhone
		{711824DB-859F-4273-B0E9-9E5F837DE66C}.Release|ARM.ActiveCfg = Release|iPhone
		{711824DB-859F-4273-B0E9-9E5F837DE66C}.Release|iPhone.ActiveCfg = Release|iPhone
		{711824DB-859F-4273-B0E9-9E5F837DE66C}.Release|iPhone.Build.0 = Release|iPhone
		{711824DB-859F-4273-B0E9-9E5F837DE66C}.Release|iPhoneSimulator.ActiveCfg = Release|iPhoneSimulator
		{711824DB-859F-4273-B0E9-9E5F837DE66C}.Release|iPhoneSimulator.Build.0 = Release|iPhoneSimulator
		{711824DB-859F-4273-B0E9-9E5F837DE66C}.Release|Mixed Platforms.ActiveCfg = Release|iPhone
		{711824DB-859F-4273-B0E9-9E5F837DE66C}.Release|Mixed Platforms.Build.0 = Release|iPhone
		{711824DB-859F-4273-B0E9-9E5F837DE66C}.Release|x86.ActiveCfg = Release|iPhone
		{365AB3CF-CD90-4AE9-8898-7E36F8892883}.Ad-Hoc|Any CPU.ActiveCfg = Release|Any CPU
		{365AB3CF-CD90-4AE9-8898-7E36F8892883}.Ad-Hoc|Any CPU.Build.0 = Release|Any CPU
		{365AB3CF-CD90-4AE9-8898-7E36F8892883}.Ad-Hoc|Any CPU.Deploy.0 = Release|Any CPU
		{365AB3CF-CD90-4AE9-8898-7E36F8892883}.Ad-Hoc|ARM.ActiveCfg = Release|Any CPU
		{365AB3CF-CD90-4AE9-8898-7E36F8892883}.Ad-Hoc|iPhone.ActiveCfg = Release|Any CPU
		{365AB3CF-CD90-4AE9-8898-7E36F8892883}.Ad-Hoc|iPhoneSimulator.ActiveCfg = Release|Any CPU
		{365AB3CF-CD90-4AE9-8898-7E36F8892883}.Ad-Hoc|Mixed Platforms.ActiveCfg = Release|Any CPU
		{365AB3CF-CD90-4AE9-8898-7E36F8892883}.Ad-Hoc|Mixed Platforms.Build.0 = Release|Any CPU
		{365AB3CF-CD90-4AE9-8898-7E36F8892883}.Ad-Hoc|Mixed Platforms.Deploy.0 = Release|Any CPU
		{365AB3CF-CD90-4AE9-8898-7E36F8892883}.Ad-Hoc|x86.ActiveCfg = Release|Any CPU
		{365AB3CF-CD90-4AE9-8898-7E36F8892883}.AppStore|Any CPU.ActiveCfg = Release|Any CPU
		{365AB3CF-CD90-4AE9-8898-7E36F8892883}.AppStore|Any CPU.Build.0 = Release|Any CPU
		{365AB3CF-CD90-4AE9-8898-7E36F8892883}.AppStore|Any CPU.Deploy.0 = Release|Any CPU
		{365AB3CF-CD90-4AE9-8898-7E36F8892883}.AppStore|ARM.ActiveCfg = Release|Any CPU
		{365AB3CF-CD90-4AE9-8898-7E36F8892883}.AppStore|iPhone.ActiveCfg = Release|Any CPU
		{365AB3CF-CD90-4AE9-8898-7E36F8892883}.AppStore|iPhoneSimulator.ActiveCfg = Release|Any CPU
		{365AB3CF-CD90-4AE9-8898-7E36F8892883}.AppStore|Mixed Platforms.ActiveCfg = Release|Any CPU
		{365AB3CF-CD90-4AE9-8898-7E36F8892883}.AppStore|Mixed Platforms.Build.0 = Release|Any CPU
		{365AB3CF-CD90-4AE9-8898-7E36F8892883}.AppStore|Mixed Platforms.Deploy.0 = Release|Any CPU
		{365AB3CF-CD90-4AE9-8898-7E36F8892883}.AppStore|x86.ActiveCfg = Release|Any CPU
		{365AB3CF-CD90-4AE9-8898-7E36F8892883}.Debug|Any CPU.ActiveCfg = Debug|Any CPU
		{365AB3CF-CD90-4AE9-8898-7E36F8892883}.Debug|Any CPU.Build.0 = Debug|Any CPU
		{365AB3CF-CD90-4AE9-8898-7E36F8892883}.Debug|Any CPU.Deploy.0 = Debug|Any CPU
		{365AB3CF-CD90-4AE9-8898-7E36F8892883}.Debug|ARM.ActiveCfg = Debug|Any CPU
		{365AB3CF-CD90-4AE9-8898-7E36F8892883}.Debug|iPhone.ActiveCfg = Debug|Any CPU
		{365AB3CF-CD90-4AE9-8898-7E36F8892883}.Debug|iPhoneSimulator.ActiveCfg = Debug|Any CPU
		{365AB3CF-CD90-4AE9-8898-7E36F8892883}.Debug|Mixed Platforms.ActiveCfg = Debug|Any CPU
		{365AB3CF-CD90-4AE9-8898-7E36F8892883}.Debug|Mixed Platforms.Build.0 = Debug|Any CPU
		{365AB3CF-CD90-4AE9-8898-7E36F8892883}.Debug|Mixed Platforms.Deploy.0 = Debug|Any CPU
		{365AB3CF-CD90-4AE9-8898-7E36F8892883}.Debug|x86.ActiveCfg = Debug|Any CPU
		{365AB3CF-CD90-4AE9-8898-7E36F8892883}.Release|Any CPU.ActiveCfg = Release|Any CPU
		{365AB3CF-CD90-4AE9-8898-7E36F8892883}.Release|Any CPU.Build.0 = Release|Any CPU
		{365AB3CF-CD90-4AE9-8898-7E36F8892883}.Release|Any CPU.Deploy.0 = Release|Any CPU
		{365AB3CF-CD90-4AE9-8898-7E36F8892883}.Release|ARM.ActiveCfg = Release|Any CPU
		{365AB3CF-CD90-4AE9-8898-7E36F8892883}.Release|iPhone.ActiveCfg = Release|Any CPU
		{365AB3CF-CD90-4AE9-8898-7E36F8892883}.Release|iPhoneSimulator.ActiveCfg = Release|Any CPU
		{365AB3CF-CD90-4AE9-8898-7E36F8892883}.Release|Mixed Platforms.ActiveCfg = Release|Any CPU
		{365AB3CF-CD90-4AE9-8898-7E36F8892883}.Release|Mixed Platforms.Build.0 = Release|Any CPU
		{365AB3CF-CD90-4AE9-8898-7E36F8892883}.Release|Mixed Platforms.Deploy.0 = Release|Any CPU
		{365AB3CF-CD90-4AE9-8898-7E36F8892883}.Release|x86.ActiveCfg = Release|Any CPU
		{FB55B401-8E9E-4125-A26D-2E0E46D88383}.Ad-Hoc|Any CPU.ActiveCfg = Release|Any CPU
		{FB55B401-8E9E-4125-A26D-2E0E46D88383}.Ad-Hoc|Any CPU.Build.0 = Release|Any CPU
		{FB55B401-8E9E-4125-A26D-2E0E46D88383}.Ad-Hoc|Any CPU.Deploy.0 = Release|Any CPU
		{FB55B401-8E9E-4125-A26D-2E0E46D88383}.Ad-Hoc|ARM.ActiveCfg = Release|ARM
		{FB55B401-8E9E-4125-A26D-2E0E46D88383}.Ad-Hoc|ARM.Build.0 = Release|ARM
		{FB55B401-8E9E-4125-A26D-2E0E46D88383}.Ad-Hoc|ARM.Deploy.0 = Release|ARM
		{FB55B401-8E9E-4125-A26D-2E0E46D88383}.Ad-Hoc|iPhone.ActiveCfg = Release|Any CPU
		{FB55B401-8E9E-4125-A26D-2E0E46D88383}.Ad-Hoc|iPhoneSimulator.ActiveCfg = Release|Any CPU
		{FB55B401-8E9E-4125-A26D-2E0E46D88383}.Ad-Hoc|Mixed Platforms.ActiveCfg = Release|x86
		{FB55B401-8E9E-4125-A26D-2E0E46D88383}.Ad-Hoc|Mixed Platforms.Build.0 = Release|x86
		{FB55B401-8E9E-4125-A26D-2E0E46D88383}.Ad-Hoc|Mixed Platforms.Deploy.0 = Release|x86
		{FB55B401-8E9E-4125-A26D-2E0E46D88383}.Ad-Hoc|x86.ActiveCfg = Release|x86
		{FB55B401-8E9E-4125-A26D-2E0E46D88383}.Ad-Hoc|x86.Build.0 = Release|x86
		{FB55B401-8E9E-4125-A26D-2E0E46D88383}.Ad-Hoc|x86.Deploy.0 = Release|x86
		{FB55B401-8E9E-4125-A26D-2E0E46D88383}.AppStore|Any CPU.ActiveCfg = Release|Any CPU
		{FB55B401-8E9E-4125-A26D-2E0E46D88383}.AppStore|Any CPU.Build.0 = Release|Any CPU
		{FB55B401-8E9E-4125-A26D-2E0E46D88383}.AppStore|Any CPU.Deploy.0 = Release|Any CPU
		{FB55B401-8E9E-4125-A26D-2E0E46D88383}.AppStore|ARM.ActiveCfg = Release|ARM
		{FB55B401-8E9E-4125-A26D-2E0E46D88383}.AppStore|ARM.Build.0 = Release|ARM
		{FB55B401-8E9E-4125-A26D-2E0E46D88383}.AppStore|ARM.Deploy.0 = Release|ARM
		{FB55B401-8E9E-4125-A26D-2E0E46D88383}.AppStore|iPhone.ActiveCfg = Release|Any CPU
		{FB55B401-8E9E-4125-A26D-2E0E46D88383}.AppStore|iPhoneSimulator.ActiveCfg = Release|Any CPU
		{FB55B401-8E9E-4125-A26D-2E0E46D88383}.AppStore|Mixed Platforms.ActiveCfg = Release|x86
		{FB55B401-8E9E-4125-A26D-2E0E46D88383}.AppStore|Mixed Platforms.Build.0 = Release|x86
		{FB55B401-8E9E-4125-A26D-2E0E46D88383}.AppStore|Mixed Platforms.Deploy.0 = Release|x86
		{FB55B401-8E9E-4125-A26D-2E0E46D88383}.AppStore|x86.ActiveCfg = Release|x86
		{FB55B401-8E9E-4125-A26D-2E0E46D88383}.AppStore|x86.Build.0 = Release|x86
		{FB55B401-8E9E-4125-A26D-2E0E46D88383}.AppStore|x86.Deploy.0 = Release|x86
		{FB55B401-8E9E-4125-A26D-2E0E46D88383}.Debug|Any CPU.ActiveCfg = Debug|Any CPU
		{FB55B401-8E9E-4125-A26D-2E0E46D88383}.Debug|Any CPU.Build.0 = Debug|Any CPU
		{FB55B401-8E9E-4125-A26D-2E0E46D88383}.Debug|Any CPU.Deploy.0 = Debug|Any CPU
		{FB55B401-8E9E-4125-A26D-2E0E46D88383}.Debug|ARM.ActiveCfg = Debug|ARM
		{FB55B401-8E9E-4125-A26D-2E0E46D88383}.Debug|ARM.Build.0 = Debug|ARM
		{FB55B401-8E9E-4125-A26D-2E0E46D88383}.Debug|ARM.Deploy.0 = Debug|ARM
		{FB55B401-8E9E-4125-A26D-2E0E46D88383}.Debug|iPhone.ActiveCfg = Debug|Any CPU
		{FB55B401-8E9E-4125-A26D-2E0E46D88383}.Debug|iPhoneSimulator.ActiveCfg = Debug|Any CPU
		{FB55B401-8E9E-4125-A26D-2E0E46D88383}.Debug|Mixed Platforms.ActiveCfg = Debug|x86
		{FB55B401-8E9E-4125-A26D-2E0E46D88383}.Debug|Mixed Platforms.Build.0 = Debug|x86
		{FB55B401-8E9E-4125-A26D-2E0E46D88383}.Debug|Mixed Platforms.Deploy.0 = Debug|x86
		{FB55B401-8E9E-4125-A26D-2E0E46D88383}.Debug|x86.ActiveCfg = Debug|x86
		{FB55B401-8E9E-4125-A26D-2E0E46D88383}.Debug|x86.Build.0 = Debug|x86
		{FB55B401-8E9E-4125-A26D-2E0E46D88383}.Debug|x86.Deploy.0 = Debug|x86
		{FB55B401-8E9E-4125-A26D-2E0E46D88383}.Release|Any CPU.ActiveCfg = Release|Any CPU
		{FB55B401-8E9E-4125-A26D-2E0E46D88383}.Release|Any CPU.Build.0 = Release|Any CPU
		{FB55B401-8E9E-4125-A26D-2E0E46D88383}.Release|Any CPU.Deploy.0 = Release|Any CPU
		{FB55B401-8E9E-4125-A26D-2E0E46D88383}.Release|ARM.ActiveCfg = Release|ARM
		{FB55B401-8E9E-4125-A26D-2E0E46D88383}.Release|ARM.Build.0 = Release|ARM
		{FB55B401-8E9E-4125-A26D-2E0E46D88383}.Release|ARM.Deploy.0 = Release|ARM
		{FB55B401-8E9E-4125-A26D-2E0E46D88383}.Release|iPhone.ActiveCfg = Release|Any CPU
		{FB55B401-8E9E-4125-A26D-2E0E46D88383}.Release|iPhoneSimulator.ActiveCfg = Release|Any CPU
		{FB55B401-8E9E-4125-A26D-2E0E46D88383}.Release|Mixed Platforms.ActiveCfg = Release|x86
		{FB55B401-8E9E-4125-A26D-2E0E46D88383}.Release|Mixed Platforms.Build.0 = Release|x86
		{FB55B401-8E9E-4125-A26D-2E0E46D88383}.Release|Mixed Platforms.Deploy.0 = Release|x86
		{FB55B401-8E9E-4125-A26D-2E0E46D88383}.Release|x86.ActiveCfg = Release|x86
		{FB55B401-8E9E-4125-A26D-2E0E46D88383}.Release|x86.Build.0 = Release|x86
		{FB55B401-8E9E-4125-A26D-2E0E46D88383}.Release|x86.Deploy.0 = Release|x86
	EndGlobalSection
	GlobalSection(SolutionProperties) = preSolution
		HideSolutionNode = FALSE
	EndGlobalSection
EndGlobal
